
Microsoft Visual Studio Solution File, Format Version 12.00
# Visual Studio Version 16
VisualStudioVersion = 16.0.29728.190
MinimumVisualStudioVersion = 10.0.40219.1
Project("{9A19103F-16F7-4668-BE54-9A1E7A4F7556}") = "Canopee.StandardLibrary", "Canopee.StandardLibrary\Canopee.StandardLibrary.csproj", "{9195E555-CD96-47FC-88DB-CCA6CC3E0CB3}"
EndProject
Project("{9A19103F-16F7-4668-BE54-9A1E7A4F7556}") = "Canopee.Common", "Canopee.Common\Canopee.Common.csproj", "{4B749D47-9E9E-4E79-8827-F13443889C8F}"
EndProject
Project("{9A19103F-16F7-4668-BE54-9A1E7A4F7556}") = "Canopee.Core", "Canopee.Core\Canopee.Core.csproj", "{8A65E1DB-9656-41C4-901F-0155E0AF8835}"
EndProject
Project("{2150E333-8FDC-42A3-9474-1A3956D46DE8}") = "misc", "misc", "{DF7F2146-AADB-407B-886B-5DE3376B0366}"
	ProjectSection(SolutionItems) = preProject
		AgentLocation.csv = AgentLocation.csv
		AgentPublishCommand.bat = AgentPublishCommand.bat
		AgentPublishCommand.sh = AgentPublishCommand.sh
		ServerPublishCommand.sh = ServerPublishCommand.sh
		log4net.config = log4net.config
		AgentGroups.csv = AgentGroups.csv
		TestSyncConfig.json = TestSyncConfig.json
	EndProjectSection
EndProject
Project("{2150E333-8FDC-42A3-9474-1A3956D46DE8}") = "ElasticSearch", "ElasticSearch", "{C0D6C84E-F409-4273-9BB7-813AC51BBB78}"
	ProjectSection(SolutionItems) = preProject
		IndexesCreationScript.txt = IndexesCreationScript.txt
	EndProjectSection
EndProject
Project("{9A19103F-16F7-4668-BE54-9A1E7A4F7556}") = "CanopeeAgent", "CanopeeAgent\CanopeeAgent.csproj", "{85D2F15E-4A59-4033-9ADE-0C60E41BA133}"
EndProject
Project("{9A19103F-16F7-4668-BE54-9A1E7A4F7556}") = "CanopeeServer", "CanopeeServer\CanopeeServer.csproj", "{BE2B4919-84B1-457B-9C5E-2F78CCEAE4CF}"
EndProject
Project("{9A19103F-16F7-4668-BE54-9A1E7A4F7556}") = "POC", "POC\POC.csproj", "{4A51D776-F8D0-48FE-8750-DB84FBB78936}"
EndProject
Project("{2150E333-8FDC-42A3-9474-1A3956D46DE8}") = "Firebird", "Firebird", "{4FEC0F7B-797B-472A-8DD5-9141A97609CA}"
	ProjectSection(SolutionItems) = preProject
		Insert_logs.sql = Insert_logs.sql
		installationlogs.sql = installationlogs.sql
		userinfos.sql = userinfos.sql
		versions.sql = versions.sql
	EndProjectSection
EndProject
Project("{FAE04EC0-301F-11D3-BF4B-00C04F79EFBC}") = "CanopeeElectronizedAgent", "CanopeeElectronizedAgent\CanopeeElectronizedAgent.csproj", "{945CA410-EF74-4A32-8551-9EB7AB263B9B}"
EndProject
Project("{2150E333-8FDC-42A3-9474-1A3956D46DE8}") = "Tests", "Tests", "{BBFE666A-B43D-4EC0-BB21-E8BF0AFFFEC3}"
EndProject
Project("{FAE04EC0-301F-11D3-BF4B-00C04F79EFBC}") = "TestJsonObject", "TestJsonObject\TestJsonObject.csproj", "{73C7EE8B-C245-4958-9C80-66BB310DC78B}"
EndProject
Global
	GlobalSection(SolutionConfigurationPlatforms) = preSolution
		Debug|Any CPU = Debug|Any CPU
		Release|Any CPU = Release|Any CPU
	EndGlobalSection
	GlobalSection(ProjectConfigurationPlatforms) = postSolution
		{9195E555-CD96-47FC-88DB-CCA6CC3E0CB3}.Debug|Any CPU.ActiveCfg = Debug|Any CPU
		{9195E555-CD96-47FC-88DB-CCA6CC3E0CB3}.Debug|Any CPU.Build.0 = Debug|Any CPU
		{9195E555-CD96-47FC-88DB-CCA6CC3E0CB3}.Release|Any CPU.ActiveCfg = Release|Any CPU
		{9195E555-CD96-47FC-88DB-CCA6CC3E0CB3}.Release|Any CPU.Build.0 = Release|Any CPU
		{4B749D47-9E9E-4E79-8827-F13443889C8F}.Debug|Any CPU.ActiveCfg = Debug|Any CPU
		{4B749D47-9E9E-4E79-8827-F13443889C8F}.Debug|Any CPU.Build.0 = Debug|Any CPU
		{4B749D47-9E9E-4E79-8827-F13443889C8F}.Release|Any CPU.ActiveCfg = Release|Any CPU
		{4B749D47-9E9E-4E79-8827-F13443889C8F}.Release|Any CPU.Build.0 = Release|Any CPU
		{8A65E1DB-9656-41C4-901F-0155E0AF8835}.Debug|Any CPU.ActiveCfg = Debug|Any CPU
		{8A65E1DB-9656-41C4-901F-0155E0AF8835}.Debug|Any CPU.Build.0 = Debug|Any CPU
		{8A65E1DB-9656-41C4-901F-0155E0AF8835}.Release|Any CPU.ActiveCfg = Release|Any CPU
		{8A65E1DB-9656-41C4-901F-0155E0AF8835}.Release|Any CPU.Build.0 = Release|Any CPU
		{85D2F15E-4A59-4033-9ADE-0C60E41BA133}.Debug|Any CPU.ActiveCfg = Debug|Any CPU
		{85D2F15E-4A59-4033-9ADE-0C60E41BA133}.Debug|Any CPU.Build.0 = Debug|Any CPU
		{85D2F15E-4A59-4033-9ADE-0C60E41BA133}.Release|Any CPU.ActiveCfg = Release|Any CPU
		{85D2F15E-4A59-4033-9ADE-0C60E41BA133}.Release|Any CPU.Build.0 = Release|Any CPU
		{BE2B4919-84B1-457B-9C5E-2F78CCEAE4CF}.Debug|Any CPU.ActiveCfg = Debug|Any CPU
		{BE2B4919-84B1-457B-9C5E-2F78CCEAE4CF}.Debug|Any CPU.Build.0 = Debug|Any CPU
		{BE2B4919-84B1-457B-9C5E-2F78CCEAE4CF}.Release|Any CPU.ActiveCfg = Release|Any CPU
		{BE2B4919-84B1-457B-9C5E-2F78CCEAE4CF}.Release|Any CPU.Build.0 = Release|Any CPU
		{4A51D776-F8D0-48FE-8750-DB84FBB78936}.Debug|Any CPU.ActiveCfg = Debug|Any CPU
		{4A51D776-F8D0-48FE-8750-DB84FBB78936}.Debug|Any CPU.Build.0 = Debug|Any CPU
		{4A51D776-F8D0-48FE-8750-DB84FBB78936}.Release|Any CPU.ActiveCfg = Release|Any CPU
		{4A51D776-F8D0-48FE-8750-DB84FBB78936}.Release|Any CPU.Build.0 = Release|Any CPU
		{945CA410-EF74-4A32-8551-9EB7AB263B9B}.Debug|Any CPU.ActiveCfg = Debug|Any CPU
		{945CA410-EF74-4A32-8551-9EB7AB263B9B}.Debug|Any CPU.Build.0 = Debug|Any CPU
		{945CA410-EF74-4A32-8551-9EB7AB263B9B}.Release|Any CPU.ActiveCfg = Release|Any CPU
		{945CA410-EF74-4A32-8551-9EB7AB263B9B}.Release|Any CPU.Build.0 = Release|Any CPU
		{73C7EE8B-C245-4958-9C80-66BB310DC78B}.Debug|Any CPU.ActiveCfg = Debug|Any CPU
		{73C7EE8B-C245-4958-9C80-66BB310DC78B}.Debug|Any CPU.Build.0 = Debug|Any CPU
		{73C7EE8B-C245-4958-9C80-66BB310DC78B}.Release|Any CPU.ActiveCfg = Release|Any CPU
		{73C7EE8B-C245-4958-9C80-66BB310DC78B}.Release|Any CPU.Build.0 = Release|Any CPU
	EndGlobalSection
	GlobalSection(SolutionProperties) = preSolution
		HideSolutionNode = FALSE
	EndGlobalSection
	GlobalSection(ExtensibilityGlobals) = postSolution
		SolutionGuid = {662CFBF3-8B11-4AE4-A232-B8712BDF3F14}
	EndGlobalSection
	GlobalSection(NestedProjects) = preSolution
		{73C7EE8B-C245-4958-9C80-66BB310DC78B} = {BBFE666A-B43D-4EC0-BB21-E8BF0AFFFEC3}
	EndGlobalSection
EndGlobal
